# This file is automatically @generated by Cargo.
# It is not intended for manual editing.
version = 3

[[package]]
name = "determinism-proto"
version = "0.1.0"

[[package]]
name = "detguest-agent"
version = "0.1.0"
dependencies = [
 "detguest-wire",
]

[[package]]
name = "detguest-wire"
version = "0.1.0"

[[package]]
name = "guest-sdk-m0-proto-client"
version = "0.1.0"
dependencies = [
 "determinism-proto",
]
